
Microsoft Visual Studio Solution File, Format Version 12.00
# Visual Studio Version 17
VisualStudioVersion = 17.4.33103.184
MinimumVisualStudioVersion = 10.0.40219.1
Project("{2150E333-8FDC-42A3-9474-1A3956D46DE8}") = "Hosts", "Hosts", "{7C4E7692-540C-47A2-927B-153A17E7A6A0}"
EndProject
Project("{9A19103F-16F7-4668-BE54-9A1E7A4F7556}") = "FebSystem", "FebSystem\FebSystem.csproj", "{581A2575-241A-47BF-85AC-D173300CFA04}"
	ProjectSection(ProjectDependencies) = postProject
		{0012F1A2-FFE9-433C-913B-A95F7C53624B} = {0012F1A2-FFE9-433C-913B-A95F7C53624B}
		{703C7FF8-494D-4CC2-9842-D2D1156B6403} = {703C7FF8-494D-4CC2-9842-D2D1156B6403}
		{92C9D2CF-6C01-4030-9D67-8A0CC803EDEB} = {92C9D2CF-6C01-4030-9D67-8A0CC803EDEB}
	EndProjectSection
EndProject
Project("{9A19103F-16F7-4668-BE54-9A1E7A4F7556}") = "EFCore.Db", "EFCore.Db\EFCore.Db.csproj", "{4252D1FD-AC12-4084-94C0-29E72460BEB7}"
	ProjectSection(ProjectDependencies) = postProject
		{0012F1A2-FFE9-433C-913B-A95F7C53624B} = {0012F1A2-FFE9-433C-913B-A95F7C53624B}
	EndProjectSection
EndProject
Project("{2150E333-8FDC-42A3-9474-1A3956D46DE8}") = "Repositories", "Repositories", "{139E8CD5-E505-4897-B888-BBFAE8F0A748}"
EndProject
Project("{9A19103F-16F7-4668-BE54-9A1E7A4F7556}") = "IRepository", "IRepository\IRepository.csproj", "{0012F1A2-FFE9-433C-913B-A95F7C53624B}"
	ProjectSection(ProjectDependencies) = postProject
		{B0C02E4C-3898-409A-A9D6-1BDE4F95D4C8} = {B0C02E4C-3898-409A-A9D6-1BDE4F95D4C8}
	EndProjectSection
EndProject
Project("{9A19103F-16F7-4668-BE54-9A1E7A4F7556}") = "Repository", "Repository\Repository.csproj", "{92C9D2CF-6C01-4030-9D67-8A0CC803EDEB}"
	ProjectSection(ProjectDependencies) = postProject
		{0012F1A2-FFE9-433C-913B-A95F7C53624B} = {0012F1A2-FFE9-433C-913B-A95F7C53624B}
	EndProjectSection
EndProject
Project("{2150E333-8FDC-42A3-9474-1A3956D46DE8}") = "Provider", "Provider", "{6FF4D743-173D-47BF-9B1E-90BCDC1F0210}"
EndProject
Project("{2150E333-8FDC-42A3-9474-1A3956D46DE8}") = "Model", "Model", "{842BACA1-199E-46E0-982C-694609D26218}"
EndProject
Project("{9A19103F-16F7-4668-BE54-9A1E7A4F7556}") = "EntityClass", "EntityClass\EntityClass.csproj", "{B0C02E4C-3898-409A-A9D6-1BDE4F95D4C8}"
EndProject
Project("{9A19103F-16F7-4668-BE54-9A1E7A4F7556}") = "Dapper.Db", "Dapper.Db\Dapper.Db.csproj", "{703C7FF8-494D-4CC2-9842-D2D1156B6403}"
	ProjectSection(ProjectDependencies) = postProject
		{0012F1A2-FFE9-433C-913B-A95F7C53624B} = {0012F1A2-FFE9-433C-913B-A95F7C53624B}
	EndProjectSection
EndProject
Project("{9A19103F-16F7-4668-BE54-9A1E7A4F7556}") = "ADOHelper.Db", "ADOHelper.Db\ADOHelper.Db.csproj", "{C1D2AC3F-D875-4B8B-8273-423D1BF7540C}"
	ProjectSection(ProjectDependencies) = postProject
		{0012F1A2-FFE9-433C-913B-A95F7C53624B} = {0012F1A2-FFE9-433C-913B-A95F7C53624B}
	EndProjectSection
EndProject
Project("{2150E333-8FDC-42A3-9474-1A3956D46DE8}") = "Tests", "Tests", "{48FADDAE-8EFB-4DB6-ADE6-A4F0984BD5BF}"
EndProject
Project("{9A19103F-16F7-4668-BE54-9A1E7A4F7556}") = "Test", "Test\Test.csproj", "{7C46E13F-3376-45A3-AADB-2BC2FF41DAB2}"
	ProjectSection(ProjectDependencies) = postProject
		{581A2575-241A-47BF-85AC-D173300CFA04} = {581A2575-241A-47BF-85AC-D173300CFA04}
	EndProjectSection
EndProject
Global
	GlobalSection(SolutionConfigurationPlatforms) = preSolution
		Debug|Any CPU = Debug|Any CPU
		Release|Any CPU = Release|Any CPU
	EndGlobalSection
	GlobalSection(ProjectConfigurationPlatforms) = postSolution
		{581A2575-241A-47BF-85AC-D173300CFA04}.Debug|Any CPU.ActiveCfg = Debug|Any CPU
		{581A2575-241A-47BF-85AC-D173300CFA04}.Debug|Any CPU.Build.0 = Debug|Any CPU
		{581A2575-241A-47BF-85AC-D173300CFA04}.Release|Any CPU.ActiveCfg = Release|Any CPU
		{581A2575-241A-47BF-85AC-D173300CFA04}.Release|Any CPU.Build.0 = Release|Any CPU
		{4252D1FD-AC12-4084-94C0-29E72460BEB7}.Debug|Any CPU.ActiveCfg = Debug|Any CPU
		{4252D1FD-AC12-4084-94C0-29E72460BEB7}.Debug|Any CPU.Build.0 = Debug|Any CPU
		{4252D1FD-AC12-4084-94C0-29E72460BEB7}.Release|Any CPU.ActiveCfg = Release|Any CPU
		{4252D1FD-AC12-4084-94C0-29E72460BEB7}.Release|Any CPU.Build.0 = Release|Any CPU
		{0012F1A2-FFE9-433C-913B-A95F7C53624B}.Debug|Any CPU.ActiveCfg = Debug|Any CPU
		{0012F1A2-FFE9-433C-913B-A95F7C53624B}.Debug|Any CPU.Build.0 = Debug|Any CPU
		{0012F1A2-FFE9-433C-913B-A95F7C53624B}.Release|Any CPU.ActiveCfg = Release|Any CPU
		{0012F1A2-FFE9-433C-913B-A95F7C53624B}.Release|Any CPU.Build.0 = Release|Any CPU
		{92C9D2CF-6C01-4030-9D67-8A0CC803EDEB}.Debug|Any CPU.ActiveCfg = Debug|Any CPU
		{92C9D2CF-6C01-4030-9D67-8A0CC803EDEB}.Debug|Any CPU.Build.0 = Debug|Any CPU
		{92C9D2CF-6C01-4030-9D67-8A0CC803EDEB}.Release|Any CPU.ActiveCfg = Release|Any CPU
		{92C9D2CF-6C01-4030-9D67-8A0CC803EDEB}.Release|Any CPU.Build.0 = Release|Any CPU
		{B0C02E4C-3898-409A-A9D6-1BDE4F95D4C8}.Debug|Any CPU.ActiveCfg = Debug|Any CPU
		{B0C02E4C-3898-409A-A9D6-1BDE4F95D4C8}.Debug|Any CPU.Build.0 = Debug|Any CPU
		{B0C02E4C-3898-409A-A9D6-1BDE4F95D4C8}.Release|Any CPU.ActiveCfg = Release|Any CPU
		{B0C02E4C-3898-409A-A9D6-1BDE4F95D4C8}.Release|Any CPU.Build.0 = Release|Any CPU
		{703C7FF8-494D-4CC2-9842-D2D1156B6403}.Debug|Any CPU.ActiveCfg = Debug|Any CPU
		{703C7FF8-494D-4CC2-9842-D2D1156B6403}.Debug|Any CPU.Build.0 = Debug|Any CPU
		{703C7FF8-494D-4CC2-9842-D2D1156B6403}.Release|Any CPU.ActiveCfg = Release|Any CPU
		{703C7FF8-494D-4CC2-9842-D2D1156B6403}.Release|Any CPU.Build.0 = Release|Any CPU
		{C1D2AC3F-D875-4B8B-8273-423D1BF7540C}.Debug|Any CPU.ActiveCfg = Debug|Any CPU
		{C1D2AC3F-D875-4B8B-8273-423D1BF7540C}.Debug|Any CPU.Build.0 = Debug|Any CPU
		{C1D2AC3F-D875-4B8B-8273-423D1BF7540C}.Release|Any CPU.ActiveCfg = Release|Any CPU
		{C1D2AC3F-D875-4B8B-8273-423D1BF7540C}.Release|Any CPU.Build.0 = Release|Any CPU
		{7C46E13F-3376-45A3-AADB-2BC2FF41DAB2}.Debug|Any CPU.ActiveCfg = Debug|Any CPU
		{7C46E13F-3376-45A3-AADB-2BC2FF41DAB2}.Debug|Any CPU.Build.0 = Debug|Any CPU
		{7C46E13F-3376-45A3-AADB-2BC2FF41DAB2}.Release|Any CPU.ActiveCfg = Release|Any CPU
		{7C46E13F-3376-45A3-AADB-2BC2FF41DAB2}.Release|Any CPU.Build.0 = Release|Any CPU
	EndGlobalSection
	GlobalSection(SolutionProperties) = preSolution
		HideSolutionNode = FALSE
	EndGlobalSection
	GlobalSection(NestedProjects) = preSolution
		{581A2575-241A-47BF-85AC-D173300CFA04} = {7C4E7692-540C-47A2-927B-153A17E7A6A0}
		{4252D1FD-AC12-4084-94C0-29E72460BEB7} = {6FF4D743-173D-47BF-9B1E-90BCDC1F0210}
		{0012F1A2-FFE9-433C-913B-A95F7C53624B} = {139E8CD5-E505-4897-B888-BBFAE8F0A748}
		{92C9D2CF-6C01-4030-9D67-8A0CC803EDEB} = {139E8CD5-E505-4897-B888-BBFAE8F0A748}
		{B0C02E4C-3898-409A-A9D6-1BDE4F95D4C8} = {842BACA1-199E-46E0-982C-694609D26218}
		{703C7FF8-494D-4CC2-9842-D2D1156B6403} = {6FF4D743-173D-47BF-9B1E-90BCDC1F0210}
		{C1D2AC3F-D875-4B8B-8273-423D1BF7540C} = {6FF4D743-173D-47BF-9B1E-90BCDC1F0210}
		{7C46E13F-3376-45A3-AADB-2BC2FF41DAB2} = {48FADDAE-8EFB-4DB6-ADE6-A4F0984BD5BF}
	EndGlobalSection
	GlobalSection(ExtensibilityGlobals) = postSolution
		SolutionGuid = {ADE3C380-8C92-4A73-BDF0-344005136CD0}
	EndGlobalSection
EndGlobal
